
Microsoft Visual Studio Solution File, Format Version 12.00
# Visual Studio Version 17
VisualStudioVersion = 17.0.31903.59
MinimumVisualStudioVersion = 10.0.40219.1
Project("{FAE04EC0-301F-11D3-BF4B-00C04F79EFBC}") = "SimpleFileManager.Lib", "SimpleFileManager.Lib\SimpleFileManager.Lib.csproj", "{1F260077-4D9B-4009-9FEA-AA90D72511CA}"
EndProject
Project("{FAE04EC0-301F-11D3-BF4B-00C04F79EFBC}") = "SimpleFileManager.ConsoleApp", "SimpleFileManager.ConsoleApp\SimpleFileManager.ConsoleApp.csproj", "{C77AD124-28F3-454E-9691-247B95D1144C}"
EndProject
Project("{FAE04EC0-301F-11D3-BF4B-00C04F79EFBC}") = "SimpleFileManager.WPFApp", "SimpleFileManager.WPFApp\SimpleFileManager.WPFApp.csproj", "{1D7EC149-3C48-4AA1-B01F-CC38E8191E6C}"
EndProject
Global
	GlobalSection(SolutionConfigurationPlatforms) = preSolution
		Debug|Any CPU = Debug|Any CPU
		Debug|x64 = Debug|x64
		Debug|x86 = Debug|x86
		Release|Any CPU = Release|Any CPU
		Release|x64 = Release|x64
		Release|x86 = Release|x86
	EndGlobalSection
	GlobalSection(ProjectConfigurationPlatforms) = postSolution
		{1F260077-4D9B-4009-9FEA-AA90D72511CA}.Debug|Any CPU.ActiveCfg = Debug|Any CPU
		{1F260077-4D9B-4009-9FEA-AA90D72511CA}.Debug|Any CPU.Build.0 = Debug|Any CPU
		{1F260077-4D9B-4009-9FEA-AA90D72511CA}.Debug|x64.ActiveCfg = Debug|Any CPU
		{1F260077-4D9B-4009-9FEA-AA90D72511CA}.Debug|x64.Build.0 = Debug|Any CPU
		{1F260077-4D9B-4009-9FEA-AA90D72511CA}.Debug|x86.ActiveCfg = Debug|Any CPU
		{1F260077-4D9B-4009-9FEA-AA90D72511CA}.Debug|x86.Build.0 = Debug|Any CPU
		{1F260077-4D9B-4009-9FEA-AA90D72511CA}.Release|Any CPU.ActiveCfg = Release|Any CPU
		{1F260077-4D9B-4009-9FEA-AA90D72511CA}.Release|Any CPU.Build.0 = Release|Any CPU
		{1F260077-4D9B-4009-9FEA-AA90D72511CA}.Release|x64.ActiveCfg = Release|Any CPU
		{1F260077-4D9B-4009-9FEA-AA90D72511CA}.Release|x64.Build.0 = Release|Any CPU
		{1F260077-4D9B-4009-9FEA-AA90D72511CA}.Release|x86.ActiveCfg = Release|Any CPU
		{1F260077-4D9B-4009-9FEA-AA90D72511CA}.Release|x86.Build.0 = Release|Any CPU
		{C77AD124-28F3-454E-9691-247B95D1144C}.Debug|Any CPU.ActiveCfg = Debug|Any CPU
		{C77AD124-28F3-454E-9691-247B95D1144C}.Debug|Any CPU.Build.0 = Debug|Any CPU
		{C77AD124-28F3-454E-9691-247B95D1144C}.Debug|x64.ActiveCfg = Debug|Any CPU
		{C77AD124-28F3-454E-9691-247B95D1144C}.Debug|x64.Build.0 = Debug|Any CPU
		{C77AD124-28F3-454E-9691-247B95D1144C}.Debug|x86.ActiveCfg = Debug|Any CPU
		{C77AD124-28F3-454E-9691-247B95D1144C}.Debug|x86.Build.0 = Debug|Any CPU
		{C77AD124-28F3-454E-9691-247B95D1144C}.Release|Any CPU.ActiveCfg = Release|Any CPU
		{C77AD124-28F3-454E-9691-247B95D1144C}.Release|Any CPU.Build.0 = Release|Any CPU
		{C77AD124-28F3-454E-9691-247B95D1144C}.Release|x64.ActiveCfg = Release|Any CPU
		{C77AD124-28F3-454E-9691-247B95D1144C}.Release|x64.Build.0 = Release|Any CPU
		{C77AD124-28F3-454E-9691-247B95D1144C}.Release|x86.ActiveCfg = Release|Any CPU
		{C77AD124-28F3-454E-9691-247B95D1144C}.Release|x86.Build.0 = Release|Any CPU
		{1D7EC149-3C48-4AA1-B01F-CC38E8191E6C}.Debug|Any CPU.ActiveCfg = Debug|Any CPU
		{1D7EC149-3C48-4AA1-B01F-CC38E8191E6C}.Debug|Any CPU.Build.0 = Debug|Any CPU
		{1D7EC149-3C48-4AA1-B01F-CC38E8191E6C}.Debug|x64.ActiveCfg = Debug|Any CPU
		{1D7EC149-3C48-4AA1-B01F-CC38E8191E6C}.Debug|x64.Build.0 = Debug|Any CPU
		{1D7EC149-3C48-4AA1-B01F-CC38E8191E6C}.Debug|x86.ActiveCfg = Debug|Any CPU
		{1D7EC149-3C48-4AA1-B01F-CC38E8191E6C}.Debug|x86.Build.0 = Debug|Any CPU
		{1D7EC149-3C48-4AA1-B01F-CC38E8191E6C}.Release|Any CPU.ActiveCfg = Release|Any CPU
		{1D7EC149-3C48-4AA1-B01F-CC38E8191E6C}.Release|Any CPU.Build.0 = Release|Any CPU
		{1D7EC149-3C48-4AA1-B01F-CC38E8191E6C}.Release|x64.ActiveCfg = Release|Any CPU
		{1D7EC149-3C48-4AA1-B01F-CC38E8191E6C}.Release|x64.Build.0 = Release|Any CPU
		{1D7EC149-3C48-4AA1-B01F-CC38E8191E6C}.Release|x86.ActiveCfg = Release|Any CPU
		{1D7EC149-3C48-4AA1-B01F-CC38E8191E6C}.Release|x86.Build.0 = Release|Any CPU
	EndGlobalSection
	GlobalSection(SolutionProperties) = preSolution
		HideSolutionNode = FALSE
	EndGlobalSection
EndGlobal
