Microsoft Visual Studio Solution File, Format Version 12.00
# Visual Studio Version 17
VisualStudioVersion = 17.5.2.0
MinimumVisualStudioVersion = 10.0.40219.1
Project("{FAE04EC0-301F-11D3-BF4B-00C04F79EFBC}") = "SimpleFileManager.WPFApp", "SimpleFileManager.WPFApp.csproj", "{98582E34-27B7-B0BE-E14B-4EEFCC63B965}"
EndProject
Global
	GlobalSection(SolutionConfigurationPlatforms) = preSolution
		Debug|Any CPU = Debug|Any CPU
		Release|Any CPU = Release|Any CPU
	EndGlobalSection
	GlobalSection(ProjectConfigurationPlatforms) = postSolution
		{98582E34-27B7-B0BE-E14B-4EEFCC63B965}.Debug|Any CPU.ActiveCfg = Debug|Any CPU
		{98582E34-27B7-B0BE-E14B-4EEFCC63B965}.Debug|Any CPU.Build.0 = Debug|Any CPU
		{98582E34-27B7-B0BE-E14B-4EEFCC63B965}.Release|Any CPU.ActiveCfg = Release|Any CPU
		{98582E34-27B7-B0BE-E14B-4EEFCC63B965}.Release|Any CPU.Build.0 = Release|Any CPU
	EndGlobalSection
	GlobalSection(SolutionProperties) = preSolution
		HideSolutionNode = FALSE
	EndGlobalSection
	GlobalSection(ExtensibilityGlobals) = postSolution
		SolutionGuid = {0DEB0644-1003-411E-B7C9-89896F773469}
	EndGlobalSection
EndGlobal
